
Microsoft Visual Studio Solution File, Format Version 12.00
# Visual Studio Version 17
VisualStudioVersion = 17.1.32210.238
MinimumVisualStudioVersion = 10.0.40219.1
Project("{9A19103F-16F7-4668-BE54-9A1E7A4F7556}") = "Nanako", "Nanako\Nanako.csproj", "{3870B451-6267-4E42-8873-BA183B02D2C6}"
EndProject
Project("{9A19103F-16F7-4668-BE54-9A1E7A4F7556}") = "ImageSearch", "ImageSearch\ImageSearch.csproj", "{94977E3A-F58D-4F3F-B142-E5B21A1F09C2}"
EndProject
Project("{FAE04EC0-301F-11D3-BF4B-00C04F79EFBC}") = "Command", "Command\Command.csproj", "{78203D49-D6F3-4061-9847-B699F52581A4}"
EndProject
Global
	GlobalSection(SolutionConfigurationPlatforms) = preSolution
		Debug|Any CPU = Debug|Any CPU
		Release|Any CPU = Release|Any CPU
	EndGlobalSection
	GlobalSection(ProjectConfigurationPlatforms) = postSolution
		{3870B451-6267-4E42-8873-BA183B02D2C6}.Debug|Any CPU.ActiveCfg = Debug|Any CPU
		{3870B451-6267-4E42-8873-BA183B02D2C6}.Debug|Any CPU.Build.0 = Debug|Any CPU
		{3870B451-6267-4E42-8873-BA183B02D2C6}.Release|Any CPU.ActiveCfg = Release|Any CPU
		{3870B451-6267-4E42-8873-BA183B02D2C6}.Release|Any CPU.Build.0 = Release|Any CPU
		{94977E3A-F58D-4F3F-B142-E5B21A1F09C2}.Debug|Any CPU.ActiveCfg = Debug|Any CPU
		{94977E3A-F58D-4F3F-B142-E5B21A1F09C2}.Debug|Any CPU.Build.0 = Debug|Any CPU
		{94977E3A-F58D-4F3F-B142-E5B21A1F09C2}.Release|Any CPU.ActiveCfg = Release|Any CPU
		{94977E3A-F58D-4F3F-B142-E5B21A1F09C2}.Release|Any CPU.Build.0 = Release|Any CPU
		{78203D49-D6F3-4061-9847-B699F52581A4}.Debug|Any CPU.ActiveCfg = Debug|Any CPU
		{78203D49-D6F3-4061-9847-B699F52581A4}.Debug|Any CPU.Build.0 = Debug|Any CPU
		{78203D49-D6F3-4061-9847-B699F52581A4}.Release|Any CPU.ActiveCfg = Release|Any CPU
		{78203D49-D6F3-4061-9847-B699F52581A4}.Release|Any CPU.Build.0 = Release|Any CPU
	EndGlobalSection
	GlobalSection(SolutionProperties) = preSolution
		HideSolutionNode = FALSE
	EndGlobalSection
	GlobalSection(ExtensibilityGlobals) = postSolution
		SolutionGuid = {85ACB2E2-381F-4239-8568-A91961AD252D}
	EndGlobalSection
EndGlobal
