
Microsoft Visual Studio Solution File, Format Version 12.00
# Visual Studio Version 17
VisualStudioVersion = 17.1.32210.238
MinimumVisualStudioVersion = 10.0.40219.1
Project("{9A19103F-16F7-4668-BE54-9A1E7A4F7556}") = "Nanako", "Nanako\Nanako.csproj", "{3870B451-6267-4E42-8873-BA183B02D2C6}"
EndProject
Project("{2150E333-8FDC-42A3-9474-1A3956D46DE8}") = "Solution Items", "Solution Items", "{932670EC-85E2-40CF-A983-6479903286F4}"
	ProjectSection(SolutionItems) = preProject
		.editorconfig = .editorconfig
	EndProjectSection
EndProject
Project("{FAE04EC0-301F-11D3-BF4B-00C04F79EFBC}") = "Nanako_Test_Plugin", "Nanako_Test_Plugin\Nanako_Test_Plugin.csproj", "{32FE7C52-AEF1-4AB4-99CA-3ADACC4875DC}"
EndProject
Global
	GlobalSection(SolutionConfigurationPlatforms) = preSolution
		Debug|Any CPU = Debug|Any CPU
		Release|Any CPU = Release|Any CPU
	EndGlobalSection
	GlobalSection(ProjectConfigurationPlatforms) = postSolution
		{3870B451-6267-4E42-8873-BA183B02D2C6}.Debug|Any CPU.ActiveCfg = Debug|Any CPU
		{3870B451-6267-4E42-8873-BA183B02D2C6}.Debug|Any CPU.Build.0 = Debug|Any CPU
		{3870B451-6267-4E42-8873-BA183B02D2C6}.Release|Any CPU.ActiveCfg = Release|Any CPU
		{3870B451-6267-4E42-8873-BA183B02D2C6}.Release|Any CPU.Build.0 = Release|Any CPU
		{32FE7C52-AEF1-4AB4-99CA-3ADACC4875DC}.Debug|Any CPU.ActiveCfg = Debug|Any CPU
		{32FE7C52-AEF1-4AB4-99CA-3ADACC4875DC}.Debug|Any CPU.Build.0 = Debug|Any CPU
		{32FE7C52-AEF1-4AB4-99CA-3ADACC4875DC}.Release|Any CPU.ActiveCfg = Release|Any CPU
		{32FE7C52-AEF1-4AB4-99CA-3ADACC4875DC}.Release|Any CPU.Build.0 = Release|Any CPU
	EndGlobalSection
	GlobalSection(SolutionProperties) = preSolution
		HideSolutionNode = FALSE
	EndGlobalSection
	GlobalSection(ExtensibilityGlobals) = postSolution
		SolutionGuid = {85ACB2E2-381F-4239-8568-A91961AD252D}
	EndGlobalSection
EndGlobal
